
Microsoft Visual Studio Solution File, Format Version 12.00
# Visual Studio 14
VisualStudioVersion = 14.0.25420.1
MinimumVisualStudioVersion = 10.0.40219.1
Project("{FAE04EC0-301F-11D3-BF4B-00C04F79EFBC}") = "Structures", "Structures\Structures.csproj", "{21072519-04B3-4106-B83A-FDBDD64462E1}"
EndProject
Project("{FAE04EC0-301F-11D3-BF4B-00C04F79EFBC}") = "MainApplication", "MainApplication\MainApplication.csproj", "{BA5E8D59-87B6-43E5-A011-090B4EB84680}"
EndProject
Global
	GlobalSection(SolutionConfigurationPlatforms) = preSolution
		Debug|Any CPU = Debug|Any CPU
		Release|Any CPU = Release|Any CPU
	EndGlobalSection
	GlobalSection(ProjectConfigurationPlatforms) = postSolution
		{21072519-04B3-4106-B83A-FDBDD64462E1}.Debug|Any CPU.ActiveCfg = Debug|Any CPU
		{21072519-04B3-4106-B83A-FDBDD64462E1}.Debug|Any CPU.Build.0 = Debug|Any CPU
		{21072519-04B3-4106-B83A-FDBDD64462E1}.Release|Any CPU.ActiveCfg = Release|Any CPU
		{21072519-04B3-4106-B83A-FDBDD64462E1}.Release|Any CPU.Build.0 = Release|Any CPU
		{BA5E8D59-87B6-43E5-A011-090B4EB84680}.Debug|Any CPU.ActiveCfg = Debug|Any CPU
		{BA5E8D59-87B6-43E5-A011-090B4EB84680}.Debug|Any CPU.Build.0 = Debug|Any CPU
		{BA5E8D59-87B6-43E5-A011-090B4EB84680}.Release|Any CPU.ActiveCfg = Release|Any CPU
		{BA5E8D59-87B6-43E5-A011-090B4EB84680}.Release|Any CPU.Build.0 = Release|Any CPU
	EndGlobalSection
	GlobalSection(SolutionProperties) = preSolution
		HideSolutionNode = FALSE
	EndGlobalSection
EndGlobal
